// !$*UTF8*$!
{
	archiveVersion = 1;
	classes = {
	};
	objectVersion = 60;
	objects = {

/* Begin PBXBuildFile section */
		A10000010000000000000001 /* RadioPlayerApp.swift in Sources */ = {isa = PBXBuildFile; fileRef = A20000010000000000000001; };
		A10000020000000000000002 /* ContentView.swift in Sources */ = {isa = PBXBuildFile; fileRef = A20000020000000000000002; };
		A10000030000000000000003 /* Assets.xcassets in Resources */ = {isa = PBXBuildFile; fileRef = A20000030000000000000003; };
		A10000040000000000000004 /* RadioPlayer in Frameworks */ = {isa = PBXBuildFile; productRef = A60000010000000000000001; };
		A10000050000000000000005 /* StylizedCoverView.swift in Sources */ = {isa = PBXBuildFile; fileRef = A20000070000000000000007; };
		A10000060000000000000006 /* AsyncCachedImage.swift in Sources */ = {isa = PBXBuildFile; fileRef = A20000080000000000000008; };
		A10000070000000000000007 /* CollectionListView.swift in Sources */ = {isa = PBXBuildFile; fileRef = A20000090000000000000009; };
		A10000080000000000000008 /* CollectionBrowserView.swift in Sources */ = {isa = PBXBuildFile; fileRef = A2000000A000000000000000A; };
		A10000090000000000000009 /* ShowCardView.swift in Sources */ = {isa = PBXBuildFile; fileRef = A2000000B000000000000000B; };
		A1000000A000000000000000A /* ShowDetailView.swift in Sources */ = {isa = PBXBuildFile; fileRef = A2000000C000000000000000C; };
		A1000000B000000000000000B /* EpisodeRowView.swift in Sources */ = {isa = PBXBuildFile; fileRef = A2000000D000000000000000D; };
		A1000000C000000000000000C /* MiniPlayerView.swift in Sources */ = {isa = PBXBuildFile; fileRef = A2000000E000000000000000E; };
		A1000000D000000000000000D /* FullPlayerView.swift in Sources */ = {isa = PBXBuildFile; fileRef = A2000000F000000000000000F; };
		AB0000020000000000000002 /* AirPlayButton.swift in Sources */ = {isa = PBXBuildFile; fileRef = AB0000010000000000000001; };
		A1000000E000000000000000E /* LibraryView.swift in Sources */ = {isa = PBXBuildFile; fileRef = A20000010000000000000010; };
		T30000010000000000000001 /* AppTheme.swift in Sources */ = {isa = PBXBuildFile; fileRef = T20000010000000000000001; };
		T30000020000000000000002 /* ThemeKey.swift in Sources */ = {isa = PBXBuildFile; fileRef = T20000020000000000000002; };
		T30000030000000000000003 /* ThemeStore.swift in Sources */ = {isa = PBXBuildFile; fileRef = T20000030000000000000003; };
		T30000040000000000000004 /* SettingsView.swift in Sources */ = {isa = PBXBuildFile; fileRef = T20000040000000000000004; };
		NV0000020000000000000002 /* SidebarDestination.swift in Sources */ = {isa = PBXBuildFile; fileRef = NV0000010000000000000001; };
		NV0000050000000000000005 /* FavoritesView.swift in Sources */ = {isa = PBXBuildFile; fileRef = NV0000040000000000000004; };
		SI0000010000000000000001 /* ShowInfoSheet.swift in Sources */ = {isa = PBXBuildFile; fileRef = SI0000020000000000000002; };
		FF0000020000000000000002 /* UITestMockURLSession.swift in Sources */ = {isa = PBXBuildFile; fileRef = FF0000010000000000000001; };
		FF0000080000000000000008 /* AppLaunchTests.swift in Sources */ = {isa = PBXBuildFile; fileRef = FF0000050000000000000005; };
		FF0000090000000000000009 /* NavigationTests.swift in Sources */ = {isa = PBXBuildFile; fileRef = FF0000060000000000000006; };
		FF000000A000000000000000A /* PlayerTests.swift in Sources */ = {isa = PBXBuildFile; fileRef = FF0000070000000000000007; };
		FF0000140000000000000014 /* DebugTests.swift in Sources */ = {isa = PBXBuildFile; fileRef = FF0000130000000000000013; };
		SS0000010000000000000001 /* ShowSwitchingTests.swift in Sources */ = {isa = PBXBuildFile; fileRef = SS0000020000000000000002; };
		SS0000030000000000000003 /* FavoritesTests.swift in Sources */ = {isa = PBXBuildFile; fileRef = SS0000040000000000000004; };
		SS0000050000000000000005 /* LibraryTests.swift in Sources */ = {isa = PBXBuildFile; fileRef = SS0000060000000000000006; };
/* End PBXBuildFile section */

/* Begin PBXFileReference section */
		A20000010000000000000001 /* RadioPlayerApp.swift */ = {isa = PBXFileReference; lastKnownFileType = sourcecode.swift; path = RadioPlayerApp.swift; sourceTree = "<group>"; };
		A20000020000000000000002 /* ContentView.swift */ = {isa = PBXFileReference; lastKnownFileType = sourcecode.swift; path = ContentView.swift; sourceTree = "<group>"; };
		A20000030000000000000003 /* Assets.xcassets */ = {isa = PBXFileReference; lastKnownFileType = folder.assetcatalog; path = Assets.xcassets; sourceTree = "<group>"; };
		A20000040000000000000004 /* RadioPlayer */ = {isa = PBXFileReference; lastKnownFileType = wrapper; name = RadioPlayer; path = ..; sourceTree = "<group>"; };
		A20000050000000000000005 /* RadioPlayerApp.app */ = {isa = PBXFileReference; explicitFileType = wrapper.application; includeInIndex = 0; path = RadioPlayerApp.app; sourceTree = BUILT_PRODUCTS_DIR; };
		A20000060000000000000006 /* Info.plist */ = {isa = PBXFileReference; lastKnownFileType = text.plist.xml; path = Info.plist; sourceTree = "<group>"; };
		A20000070000000000000007 /* StylizedCoverView.swift */ = {isa = PBXFileReference; lastKnownFileType = sourcecode.swift; path = StylizedCoverView.swift; sourceTree = "<group>"; };
		A20000080000000000000008 /* AsyncCachedImage.swift */ = {isa = PBXFileReference; lastKnownFileType = sourcecode.swift; path = AsyncCachedImage.swift; sourceTree = "<group>"; };
		A20000090000000000000009 /* CollectionListView.swift */ = {isa = PBXFileReference; lastKnownFileType = sourcecode.swift; path = CollectionListView.swift; sourceTree = "<group>"; };
		A2000000A000000000000000A /* CollectionBrowserView.swift */ = {isa = PBXFileReference; lastKnownFileType = sourcecode.swift; path = CollectionBrowserView.swift; sourceTree = "<group>"; };
		A2000000B000000000000000B /* ShowCardView.swift */ = {isa = PBXFileReference; lastKnownFileType = sourcecode.swift; path = ShowCardView.swift; sourceTree = "<group>"; };
		A2000000C000000000000000C /* ShowDetailView.swift */ = {isa = PBXFileReference; lastKnownFileType = sourcecode.swift; path = ShowDetailView.swift; sourceTree = "<group>"; };
		A2000000D000000000000000D /* EpisodeRowView.swift */ = {isa = PBXFileReference; lastKnownFileType = sourcecode.swift; path = EpisodeRowView.swift; sourceTree = "<group>"; };
		A2000000E000000000000000E /* MiniPlayerView.swift */ = {isa = PBXFileReference; lastKnownFileType = sourcecode.swift; path = MiniPlayerView.swift; sourceTree = "<group>"; };
		A2000000F000000000000000F /* FullPlayerView.swift */ = {isa = PBXFileReference; lastKnownFileType = sourcecode.swift; path = FullPlayerView.swift; sourceTree = "<group>"; };
		AB0000010000000000000001 /* AirPlayButton.swift */ = {isa = PBXFileReference; lastKnownFileType = sourcecode.swift; path = AirPlayButton.swift; sourceTree = "<group>"; };
		A20000010000000000000010 /* LibraryView.swift */ = {isa = PBXFileReference; lastKnownFileType = sourcecode.swift; path = LibraryView.swift; sourceTree = "<group>"; };
		T20000010000000000000001 /* AppTheme.swift */ = {isa = PBXFileReference; lastKnownFileType = sourcecode.swift; path = AppTheme.swift; sourceTree = "<group>"; };
		T20000020000000000000002 /* ThemeKey.swift */ = {isa = PBXFileReference; lastKnownFileType = sourcecode.swift; path = ThemeKey.swift; sourceTree = "<group>"; };
		T20000030000000000000003 /* ThemeStore.swift */ = {isa = PBXFileReference; lastKnownFileType = sourcecode.swift; path = ThemeStore.swift; sourceTree = "<group>"; };
		T20000040000000000000004 /* SettingsView.swift */ = {isa = PBXFileReference; lastKnownFileType = sourcecode.swift; path = SettingsView.swift; sourceTree = "<group>"; };
		NV0000010000000000000001 /* SidebarDestination.swift */ = {isa = PBXFileReference; lastKnownFileType = sourcecode.swift; path = SidebarDestination.swift; sourceTree = "<group>"; };
		NV0000040000000000000004 /* FavoritesView.swift */ = {isa = PBXFileReference; lastKnownFileType = sourcecode.swift; path = FavoritesView.swift; sourceTree = "<group>"; };
		SI0000020000000000000002 /* ShowInfoSheet.swift */ = {isa = PBXFileReference; lastKnownFileType = sourcecode.swift; path = ShowInfoSheet.swift; sourceTree = "<group>"; };
		FF0000010000000000000001 /* UITestMockURLSession.swift */ = {isa = PBXFileReference; lastKnownFileType = sourcecode.swift; path = UITestMockURLSession.swift; sourceTree = "<group>"; };
		FF0000040000000000000004 /* RadioPlayerUITests.xctest */ = {isa = PBXFileReference; explicitFileType = wrapper.cfbundle; includeInIndex = 0; path = RadioPlayerUITests.xctest; sourceTree = BUILT_PRODUCTS_DIR; };
		FF0000050000000000000005 /* AppLaunchTests.swift */ = {isa = PBXFileReference; lastKnownFileType = sourcecode.swift; path = AppLaunchTests.swift; sourceTree = "<group>"; };
		FF0000060000000000000006 /* NavigationTests.swift */ = {isa = PBXFileReference; lastKnownFileType = sourcecode.swift; path = NavigationTests.swift; sourceTree = "<group>"; };
		FF0000070000000000000007 /* PlayerTests.swift */ = {isa = PBXFileReference; lastKnownFileType = sourcecode.swift; path = PlayerTests.swift; sourceTree = "<group>"; };
		FF0000130000000000000013 /* DebugTests.swift */ = {isa = PBXFileReference; lastKnownFileType = sourcecode.swift; path = DebugTests.swift; sourceTree = "<group>"; };
		SS0000020000000000000002 /* ShowSwitchingTests.swift */ = {isa = PBXFileReference; lastKnownFileType = sourcecode.swift; path = ShowSwitchingTests.swift; sourceTree = "<group>"; };
		SS0000040000000000000004 /* FavoritesTests.swift */ = {isa = PBXFileReference; lastKnownFileType = sourcecode.swift; path = FavoritesTests.swift; sourceTree = "<group>"; };
		SS0000060000000000000006 /* LibraryTests.swift */ = {isa = PBXFileReference; lastKnownFileType = sourcecode.swift; path = LibraryTests.swift; sourceTree = "<group>"; };
/* End PBXFileReference section */

/* Begin PBXFrameworksBuildPhase section */
		A30000010000000000000001 /* Frameworks */ = {
			isa = PBXFrameworksBuildPhase;
			buildActionMask = 2147483647;
			files = (
				A10000040000000000000004 /* RadioPlayer in Frameworks */,
			);
			runOnlyForDeploymentPostprocessing = 0;
		};
/* End PBXFrameworksBuildPhase section */

/* Begin PBXGroup section */
		A40000010000000000000001 /* Root */ = {
			isa = PBXGroup;
			children = (
				A40000020000000000000002 /* RadioPlayerApp */,
				FF000000B000000000000000B /* UITests */,
				A40000030000000000000003 /* Packages */,
				A40000040000000000000004 /* Products */,
			);
			sourceTree = "<group>";
		};
		A40000020000000000000002 /* RadioPlayerApp */ = {
			isa = PBXGroup;
			children = (
				A20000010000000000000001 /* RadioPlayerApp.swift */,
				A20000020000000000000002 /* ContentView.swift */,
				A20000030000000000000003 /* Assets.xcassets */,
				A20000060000000000000006 /* Info.plist */,
				T10000010000000000000001 /* Theme */,
				NV0000030000000000000003 /* Navigation */,
				A40000050000000000000005 /* Views */,
				FF0000030000000000000003 /* UITestSupport */,
			);
			path = RadioPlayerApp;
			sourceTree = "<group>";
		};
		FF0000030000000000000003 /* UITestSupport */ = {
			isa = PBXGroup;
			children = (
				FF0000010000000000000001 /* UITestMockURLSession.swift */,
			);
			path = UITestSupport;
			sourceTree = "<group>";
		};
		FF000000B000000000000000B /* UITests */ = {
			isa = PBXGroup;
			children = (
				FF0000050000000000000005 /* AppLaunchTests.swift */,
				FF0000060000000000000006 /* NavigationTests.swift */,
				FF0000070000000000000007 /* PlayerTests.swift */,
				FF0000130000000000000013 /* DebugTests.swift */,
				SS0000020000000000000002 /* ShowSwitchingTests.swift */,
				SS0000040000000000000004 /* FavoritesTests.swift */,
				SS0000060000000000000006 /* LibraryTests.swift */,
			);
			path = RadioPlayerApp/UITests;
			sourceTree = "<group>";
		};
		T10000010000000000000001 /* Theme */ = {
			isa = PBXGroup;
			children = (
				T20000010000000000000001 /* AppTheme.swift */,
				T20000020000000000000002 /* ThemeKey.swift */,
				T20000030000000000000003 /* ThemeStore.swift */,
			);
			path = Theme;
			sourceTree = "<group>";
		};
		NV0000030000000000000003 /* Navigation */ = {
			isa = PBXGroup;
			children = (
				NV0000010000000000000001 /* SidebarDestination.swift */,
			);
			path = Navigation;
			sourceTree = "<group>";
		};
		A40000050000000000000005 /* Views */ = {
			isa = PBXGroup;
			children = (
				A40000060000000000000006 /* Shared */,
				A40000070000000000000007 /* Collections */,
				A40000080000000000000008 /* Shows */,
				A40000090000000000000009 /* Episodes */,
				A4000000A000000000000000A /* Player */,
				A4000000B000000000000000B /* Library */,
				T10000020000000000000002 /* Settings */,
			);
			name = Views;
			sourceTree = "<group>";
		};
		T10000020000000000000002 /* Settings */ = {
			isa = PBXGroup;
			children = (
				T20000040000000000000004 /* SettingsView.swift */,
			);
			path = Views/Settings;
			sourceTree = "<group>";
		};
		A40000060000000000000006 /* Shared */ = {
			isa = PBXGroup;
			children = (
				A20000070000000000000007 /* StylizedCoverView.swift */,
				A20000080000000000000008 /* AsyncCachedImage.swift */,
			);
			path = Views/Shared;
			sourceTree = "<group>";
		};
		A40000070000000000000007 /* Collections */ = {
			isa = PBXGroup;
			children = (
				A20000090000000000000009 /* CollectionListView.swift */,
				A2000000A000000000000000A /* CollectionBrowserView.swift */,
			);
			path = Views/Collections;
			sourceTree = "<group>";
		};
		A40000080000000000000008 /* Shows */ = {
			isa = PBXGroup;
			children = (
				A2000000B000000000000000B /* ShowCardView.swift */,
				A2000000C000000000000000C /* ShowDetailView.swift */,
				NV0000040000000000000004 /* FavoritesView.swift */,
				SI0000020000000000000002 /* ShowInfoSheet.swift */,
			);
			path = Views/Shows;
			sourceTree = "<group>";
		};
		A40000090000000000000009 /* Episodes */ = {
			isa = PBXGroup;
			children = (
				A2000000D000000000000000D /* EpisodeRowView.swift */,
			);
			path = Views/Episodes;
			sourceTree = "<group>";
		};
		A4000000A000000000000000A /* Player */ = {
			isa = PBXGroup;
			children = (
				A2000000E000000000000000E /* MiniPlayerView.swift */,
				A2000000F000000000000000F /* FullPlayerView.swift */,
				AB0000010000000000000001 /* AirPlayButton.swift */,
			);
			path = Views/Player;
			sourceTree = "<group>";
		};
		A4000000B000000000000000B /* Library */ = {
			isa = PBXGroup;
			children = (
				A20000010000000000000010 /* LibraryView.swift */,
			);
			path = Views/Library;
			sourceTree = "<group>";
		};
		A40000030000000000000003 /* Packages */ = {
			isa = PBXGroup;
			children = (
				A20000040000000000000004 /* RadioPlayer */,
			);
			name = Packages;
			sourceTree = "<group>";
		};
		A40000040000000000000004 /* Products */ = {
			isa = PBXGroup;
			children = (
				A20000050000000000000005 /* RadioPlayerApp.app */,
				FF0000040000000000000004 /* RadioPlayerUITests.xctest */,
			);
			name = Products;
			sourceTree = "<group>";
		};
/* End PBXGroup section */

/* Begin PBXNativeTarget section */
		A50000010000000000000001 /* RadioPlayerApp */ = {
			isa = PBXNativeTarget;
			buildConfigurationList = B30000010000000000000001 /* Build configuration list for PBXNativeTarget "RadioPlayerApp" */;
			buildPhases = (
				A50000020000000000000002 /* Sources */,
				A30000010000000000000001 /* Frameworks */,
				A50000030000000000000003 /* Resources */,
			);
			buildRules = (
			);
			dependencies = (
			);
			name = RadioPlayerApp;
			packageProductDependencies = (
				A60000010000000000000001 /* RadioPlayer */,
			);
			productName = RadioPlayerApp;
			productReference = A20000050000000000000005 /* RadioPlayerApp.app */;
			productType = "com.apple.product-type.application";
		};
		FF000000D000000000000000D /* RadioPlayerUITests */ = {
			isa = PBXNativeTarget;
			buildConfigurationList = FF0000100000000000000010 /* Build configuration list for PBXNativeTarget "RadioPlayerUITests" */;
			buildPhases = (
				FF000000C000000000000000C /* Sources */,
			);
			buildRules = (
			);
			dependencies = (
				FF0000110000000000000011 /* PBXTargetDependency */,
			);
			name = RadioPlayerUITests;
			productName = RadioPlayerUITests;
			productReference = FF0000040000000000000004 /* RadioPlayerUITests.xctest */;
			productType = "com.apple.product-type.bundle.ui-testing";
		};
/* End PBXNativeTarget section */

/* Begin PBXProject section */
		B00000010000000000000001 /* Project object */ = {
			isa = PBXProject;
			attributes = {
				BuildIndependentTargetsInParallel = 1;
				LastSwiftUpdateCheck = 1600;
				LastUpgradeCheck = 1600;
			};
			buildConfigurationList = B20000010000000000000001 /* Build configuration list for PBXProject "RadioPlayerApp" */;
			compatibilityVersion = "Xcode 15.0";
			developmentRegion = en;
			hasScannedForEncodings = 0;
			knownRegions = (
				en,
				Base,
			);
			mainGroup = A40000010000000000000001;
			packageReferences = (
				C10000010000000000000001 /* XCLocalSwiftPackageReference "." */,
			);
			productRefGroup = A40000040000000000000004 /* Products */;
			projectDirPath = "";
			projectRoot = "";
			targets = (
				A50000010000000000000001 /* RadioPlayerApp */,
				FF000000D000000000000000D /* RadioPlayerUITests */,
			);
		};
/* End PBXProject section */

/* Begin PBXContainerItemProxy section */
		FF0000120000000000000012 /* PBXContainerItemProxy */ = {
			isa = PBXContainerItemProxy;
			containerPortal = B00000010000000000000001 /* Project object */;
			proxyType = 1;
			remoteGlobalIDString = A50000010000000000000001;
			remoteInfo = RadioPlayerApp;
		};
/* End PBXContainerItemProxy section */

/* Begin PBXTargetDependency section */
		FF0000110000000000000011 /* PBXTargetDependency */ = {
			isa = PBXTargetDependency;
			target = A50000010000000000000001 /* RadioPlayerApp */;
			targetProxy = FF0000120000000000000012 /* PBXContainerItemProxy */;
		};
/* End PBXTargetDependency section */

/* Begin PBXResourcesBuildPhase section */
		A50000030000000000000003 /* Resources */ = {
			isa = PBXResourcesBuildPhase;
			buildActionMask = 2147483647;
			files = (
				A10000030000000000000003 /* Assets.xcassets in Resources */,
			);
			runOnlyForDeploymentPostprocessing = 0;
		};
/* End PBXResourcesBuildPhase section */

/* Begin PBXSourcesBuildPhase section */
		A50000020000000000000002 /* Sources */ = {
			isa = PBXSourcesBuildPhase;
			buildActionMask = 2147483647;
			files = (
				A10000010000000000000001 /* RadioPlayerApp.swift in Sources */,
				A10000020000000000000002 /* ContentView.swift in Sources */,
				A10000050000000000000005 /* StylizedCoverView.swift in Sources */,
				A10000060000000000000006 /* AsyncCachedImage.swift in Sources */,
				A10000070000000000000007 /* CollectionListView.swift in Sources */,
				A10000080000000000000008 /* CollectionBrowserView.swift in Sources */,
				A10000090000000000000009 /* ShowCardView.swift in Sources */,
				A1000000A000000000000000A /* ShowDetailView.swift in Sources */,
				A1000000B000000000000000B /* EpisodeRowView.swift in Sources */,
				A1000000C000000000000000C /* MiniPlayerView.swift in Sources */,
				A1000000D000000000000000D /* FullPlayerView.swift in Sources */,
				AB0000020000000000000002 /* AirPlayButton.swift in Sources */,
				A1000000E000000000000000E /* LibraryView.swift in Sources */,
				T30000010000000000000001 /* AppTheme.swift in Sources */,
				T30000020000000000000002 /* ThemeKey.swift in Sources */,
				T30000030000000000000003 /* ThemeStore.swift in Sources */,
				T30000040000000000000004 /* SettingsView.swift in Sources */,
				NV0000020000000000000002 /* SidebarDestination.swift in Sources */,
				NV0000050000000000000005 /* FavoritesView.swift in Sources */,
				SI0000010000000000000001 /* ShowInfoSheet.swift in Sources */,
				FF0000020000000000000002 /* UITestMockURLSession.swift in Sources */,
			);
			runOnlyForDeploymentPostprocessing = 0;
		};
		FF000000C000000000000000C /* Sources */ = {
			isa = PBXSourcesBuildPhase;
			buildActionMask = 2147483647;
			files = (
				FF0000080000000000000008 /* AppLaunchTests.swift in Sources */,
				FF0000090000000000000009 /* NavigationTests.swift in Sources */,
				FF000000A000000000000000A /* PlayerTests.swift in Sources */,
				FF0000140000000000000014 /* DebugTests.swift in Sources */,
				SS0000010000000000000001 /* ShowSwitchingTests.swift in Sources */,
				SS0000030000000000000003 /* FavoritesTests.swift in Sources */,
				SS0000050000000000000005 /* LibraryTests.swift in Sources */,
			);
			runOnlyForDeploymentPostprocessing = 0;
		};
/* End PBXSourcesBuildPhase section */

/* Begin XCLocalSwiftPackageReference section */
		C10000010000000000000001 /* XCLocalSwiftPackageReference "." */ = {
			isa = XCLocalSwiftPackageReference;
			relativePath = .;
		};
/* End XCLocalSwiftPackageReference section */

/* Begin PBXSwiftPackageProductDependency section */
		A60000010000000000000001 /* RadioPlayer */ = {
			isa = XCSwiftPackageProductDependency;
			package = C10000010000000000000001 /* XCLocalSwiftPackageReference "." */;
			productName = RadioPlayer;
		};
/* End PBXSwiftPackageProductDependency section */

/* Begin XCBuildConfiguration section */
		B10000010000000000000001 /* Debug */ = {
			isa = XCBuildConfiguration;
			buildSettings = {
				ALWAYS_SEARCH_USER_PATHS = NO;
				ASSETCATALOG_COMPILER_GENERATE_SWIFT_ASSET_SYMBOL_EXTENSIONS = YES;
				CLANG_ENABLE_MODULES = YES;
				CLANG_ENABLE_OBJC_ARC = YES;
				COPY_PHASE_STRIP = NO;
				DEBUG_INFORMATION_FORMAT = dwarf;
				ENABLE_STRICT_OBJC_MSGSEND = YES;
				ENABLE_TESTABILITY = YES;
				GCC_DYNAMIC_NO_PIC = NO;
				GCC_OPTIMIZATION_LEVEL = 0;
				GCC_PREPROCESSOR_DEFINITIONS = (
					"DEBUG=1",
					"$(inherited)",
				);
				IPHONEOS_DEPLOYMENT_TARGET = 17.0;
				MACOSX_DEPLOYMENT_TARGET = 14.0;
				MTL_ENABLE_DEBUG_INFO = INCLUDE_SOURCE;
				ONLY_ACTIVE_ARCH = YES;
				SWIFT_ACTIVE_COMPILATION_CONDITIONS = "$(inherited) DEBUG";
				SWIFT_OPTIMIZATION_LEVEL = "-Onone";
				SWIFT_VERSION = 6.0;
			};
			name = Debug;
		};
		B10000020000000000000002 /* Release */ = {
			isa = XCBuildConfiguration;
			buildSettings = {
				ALWAYS_SEARCH_USER_PATHS = NO;
				ASSETCATALOG_COMPILER_GENERATE_SWIFT_ASSET_SYMBOL_EXTENSIONS = YES;
				CLANG_ENABLE_MODULES = YES;
				CLANG_ENABLE_OBJC_ARC = YES;
				COPY_PHASE_STRIP = NO;
				DEBUG_INFORMATION_FORMAT = "dwarf-with-dsym";
				ENABLE_NS_ASSERTIONS = NO;
				ENABLE_STRICT_OBJC_MSGSEND = YES;
				GCC_OPTIMIZATION_LEVEL = s;
				IPHONEOS_DEPLOYMENT_TARGET = 17.0;
				MACOSX_DEPLOYMENT_TARGET = 14.0;
				MTL_ENABLE_DEBUG_INFO = NO;
				SWIFT_COMPILATION_MODE = wholemodule;
				SWIFT_VERSION = 6.0;
			};
			name = Release;
		};
		B10000030000000000000003 /* Debug */ = {
			isa = XCBuildConfiguration;
			buildSettings = {
				ASSETCATALOG_COMPILER_APPICON_NAME = AppIcon;
				CODE_SIGN_STYLE = Automatic;
				CURRENT_PROJECT_VERSION = 1;
				GENERATE_INFOPLIST_FILE = YES;
				INFOPLIST_FILE = RadioPlayerApp/Info.plist;
				INFOPLIST_KEY_UIApplicationSceneManifest_Generation = YES;
				INFOPLIST_KEY_UIApplicationSupportsIndirectInputEvents = YES;
				INFOPLIST_KEY_UILaunchScreen_Generation = YES;
				INFOPLIST_KEY_UISupportedInterfaceOrientations_iPad = "UIInterfaceOrientationPortrait UIInterfaceOrientationPortraitUpsideDown UIInterfaceOrientationLandscapeLeft UIInterfaceOrientationLandscapeRight";
				INFOPLIST_KEY_UISupportedInterfaceOrientations_iPhone = "UIInterfaceOrientationPortrait UIInterfaceOrientationLandscapeLeft UIInterfaceOrientationLandscapeRight";
				MARKETING_VERSION = 1.0.0;
				PRODUCT_BUNDLE_IDENTIFIER = com.radioplayer.app;
				PRODUCT_NAME = "$(TARGET_NAME)";
				SUPPORTED_PLATFORMS = "iphoneos iphonesimulator macosx";
				SUPPORTS_MACCATALYST = NO;
				SUPPORTS_MAC_DESIGNED_FOR_IPHONE_IPAD = NO;
				SWIFT_EMIT_LOC_STRINGS = YES;
				SWIFT_VERSION = 6.0;
				TARGETED_DEVICE_FAMILY = "1,2";
			};
			name = Debug;
		};
		B10000040000000000000004 /* Release */ = {
			isa = XCBuildConfiguration;
			buildSettings = {
				ASSETCATALOG_COMPILER_APPICON_NAME = AppIcon;
				CODE_SIGN_STYLE = Automatic;
				CURRENT_PROJECT_VERSION = 1;
				GENERATE_INFOPLIST_FILE = YES;
				INFOPLIST_FILE = RadioPlayerApp/Info.plist;
				INFOPLIST_KEY_UIApplicationSceneManifest_Generation = YES;
				INFOPLIST_KEY_UIApplicationSupportsIndirectInputEvents = YES;
				INFOPLIST_KEY_UILaunchScreen_Generation = YES;
				INFOPLIST_KEY_UISupportedInterfaceOrientations_iPad = "UIInterfaceOrientationPortrait UIInterfaceOrientationPortraitUpsideDown UIInterfaceOrientationLandscapeLeft UIInterfaceOrientationLandscapeRight";
				INFOPLIST_KEY_UISupportedInterfaceOrientations_iPhone = "UIInterfaceOrientationPortrait UIInterfaceOrientationLandscapeLeft UIInterfaceOrientationLandscapeRight";
				MARKETING_VERSION = 1.0.0;
				PRODUCT_BUNDLE_IDENTIFIER = com.radioplayer.app;
				PRODUCT_NAME = "$(TARGET_NAME)";
				SUPPORTED_PLATFORMS = "iphoneos iphonesimulator macosx";
				SUPPORTS_MACCATALYST = NO;
				SUPPORTS_MAC_DESIGNED_FOR_IPHONE_IPAD = NO;
				SWIFT_EMIT_LOC_STRINGS = YES;
				SWIFT_VERSION = 6.0;
				TARGETED_DEVICE_FAMILY = "1,2";
			};
			name = Release;
		};
		FF000000E000000000000000E /* Debug */ = {
			isa = XCBuildConfiguration;
			buildSettings = {
				CODE_SIGN_STYLE = Automatic;
				GENERATE_INFOPLIST_FILE = YES;
				IPHONEOS_DEPLOYMENT_TARGET = 17.0;
				LD_RUNPATH_SEARCH_PATHS = "$(inherited) @executable_path/Frameworks @loader_path/Frameworks";
				PRODUCT_BUNDLE_IDENTIFIER = com.radioplayer.uitests;
				PRODUCT_NAME = RadioPlayerUITests;
				SUPPORTED_PLATFORMS = "iphoneos iphonesimulator";
				SWIFT_ACTIVE_COMPILATION_CONDITIONS = "$(inherited) DEBUG";
				SWIFT_OPTIMIZATION_LEVEL = "-Onone";
				SWIFT_STRICT_CONCURRENCY = minimal;
				SWIFT_VERSION = 5;
				TARGETED_DEVICE_FAMILY = "1,2";
				TEST_TARGET_NAME = RadioPlayerApp;
			};
			name = Debug;
		};
		FF000000F000000000000000F /* Release */ = {
			isa = XCBuildConfiguration;
			buildSettings = {
				CODE_SIGN_STYLE = Automatic;
				GENERATE_INFOPLIST_FILE = YES;
				IPHONEOS_DEPLOYMENT_TARGET = 17.0;
				LD_RUNPATH_SEARCH_PATHS = "$(inherited) @executable_path/Frameworks @loader_path/Frameworks";
				PRODUCT_BUNDLE_IDENTIFIER = com.radioplayer.uitests;
				PRODUCT_NAME = RadioPlayerUITests;
				SUPPORTED_PLATFORMS = "iphoneos iphonesimulator";
				SWIFT_COMPILATION_MODE = wholemodule;
				SWIFT_STRICT_CONCURRENCY = minimal;
				SWIFT_VERSION = 5;
				TARGETED_DEVICE_FAMILY = "1,2";
				TEST_TARGET_NAME = RadioPlayerApp;
			};
			name = Release;
		};
/* End XCBuildConfiguration section */

/* Begin XCConfigurationList section */
		B20000010000000000000001 /* Build configuration list for PBXProject "RadioPlayerApp" */ = {
			isa = XCConfigurationList;
			buildConfigurations = (
				B10000010000000000000001 /* Debug */,
				B10000020000000000000002 /* Release */,
			);
			defaultConfigurationIsVisible = 0;
			defaultConfigurationName = Release;
		};
		B30000010000000000000001 /* Build configuration list for PBXNativeTarget "RadioPlayerApp" */ = {
			isa = XCConfigurationList;
			buildConfigurations = (
				B10000030000000000000003 /* Debug */,
				B10000040000000000000004 /* Release */,
			);
			defaultConfigurationIsVisible = 0;
			defaultConfigurationName = Release;
		};
		FF0000100000000000000010 /* Build configuration list for PBXNativeTarget "RadioPlayerUITests" */ = {
			isa = XCConfigurationList;
			buildConfigurations = (
				FF000000E000000000000000E /* Debug */,
				FF000000F000000000000000F /* Release */,
			);
			defaultConfigurationIsVisible = 0;
			defaultConfigurationName = Release;
		};
/* End XCConfigurationList section */
	};
	rootObject = B00000010000000000000001 /* Project object */;
}
